
Microsoft Visual Studio Solution File, Format Version 12.00
# Visual Studio Version 17
VisualStudioVersion = 17.3.32922.545
MinimumVisualStudioVersion = 10.0.40219.1
Project("{FAE04EC0-301F-11D3-BF4B-00C04F79EFBC}") = "Saitynai_lab_1", "Saitynai_lab_1\Saitynai_lab_1.csproj", "{9A04D806-BA10-485A-B683-4DEADCD3A10A}"
EndProject
Global
	GlobalSection(SolutionConfigurationPlatforms) = preSolution
		Debug|Any CPU = Debug|Any CPU
		Release|Any CPU = Release|Any CPU
	EndGlobalSection
	GlobalSection(ProjectConfigurationPlatforms) = postSolution
		{9A04D806-BA10-485A-B683-4DEADCD3A10A}.Debug|Any CPU.ActiveCfg = Debug|Any CPU
		{9A04D806-BA10-485A-B683-4DEADCD3A10A}.Debug|Any CPU.Build.0 = Debug|Any CPU
		{9A04D806-BA10-485A-B683-4DEADCD3A10A}.Release|Any CPU.ActiveCfg = Release|Any CPU
		{9A04D806-BA10-485A-B683-4DEADCD3A10A}.Release|Any CPU.Build.0 = Release|Any CPU
	EndGlobalSection
	GlobalSection(SolutionProperties) = preSolution
		HideSolutionNode = FALSE
	EndGlobalSection
	GlobalSection(ExtensibilityGlobals) = postSolution
		SolutionGuid = {D73933B4-41A8-4B90-99E0-B96EC54DD9D7}
	EndGlobalSection
EndGlobal
